// !$*UTF8*$!
{
	archiveVersion = 1;
	classes = {
	};
	objectVersion = 48;
	objects = {

/* Begin PBXBuildFile section */
		7E4BBB7A202394540007DE8B /* ZarinPalSDKPayment.framework in Frameworks */ = {isa = PBXBuildFile; fileRef = 7E79D06C1FDBC55D00FA8B84 /* ZarinPalSDKPayment.framework */; };
		7E4BBB7B202394540007DE8B /* ZarinPalSDKPayment.framework in Embed Frameworks */ = {isa = PBXBuildFile; fileRef = 7E79D06C1FDBC55D00FA8B84 /* ZarinPalSDKPayment.framework */; settings = {ATTRIBUTES = (CodeSignOnCopy, RemoveHeadersOnCopy, ); }; };
		7E79D03F1FDBC48800FA8B84 /* AppDelegate.swift in Sources */ = {isa = PBXBuildFile; fileRef = 7E79D03E1FDBC48800FA8B84 /* AppDelegate.swift */; };
		7E79D0411FDBC48800FA8B84 /* ViewController.swift in Sources */ = {isa = PBXBuildFile; fileRef = 7E79D0401FDBC48800FA8B84 /* ViewController.swift */; };
		7E79D0441FDBC48900FA8B84 /* Main.storyboard in Resources */ = {isa = PBXBuildFile; fileRef = 7E79D0421FDBC48800FA8B84 /* Main.storyboard */; };
		7E79D0461FDBC48900FA8B84 /* Assets.xcassets in Resources */ = {isa = PBXBuildFile; fileRef = 7E79D0451FDBC48900FA8B84 /* Assets.xcassets */; };
		7E79D0491FDBC48900FA8B84 /* LaunchScreen.storyboard in Resources */ = {isa = PBXBuildFile; fileRef = 7E79D0471FDBC48900FA8B84 /* LaunchScreen.storyboard */; };
/* End PBXBuildFile section */

/* Begin PBXContainerItemProxy section */
		7E79D0501FDBC48900FA8B84 /* PBXContainerItemProxy */ = {
			isa = PBXContainerItemProxy;
			containerPortal = 7E79D0331FDBC48800FA8B84 /* Project object */;
			proxyType = 1;
			remoteGlobalIDString = 7E79D03A1FDBC48800FA8B84;
			remoteInfo = "sdk-ios-demo";
		};
		7E79D05B1FDBC48900FA8B84 /* PBXContainerItemProxy */ = {
			isa = PBXContainerItemProxy;
			containerPortal = 7E79D0331FDBC48800FA8B84 /* Project object */;
			proxyType = 1;
			remoteGlobalIDString = 7E79D03A1FDBC48800FA8B84;
			remoteInfo = "sdk-ios-demo";
		};
/* End PBXContainerItemProxy section */

/* Begin PBXCopyFilesBuildPhase section */
		7E4BBB7C202394540007DE8B /* Embed Frameworks */ = {
			isa = PBXCopyFilesBuildPhase;
			buildActionMask = 2147483647;
			dstPath = "";
			dstSubfolderSpec = 10;
			files = (
				7E4BBB7B202394540007DE8B /* ZarinPalSDKPayment.framework in Embed Frameworks */,
			);
			name = "Embed Frameworks";
			runOnlyForDeploymentPostprocessing = 0;
		};
/* End PBXCopyFilesBuildPhase section */

/* Begin PBXFileReference section */
		7E79D03B1FDBC48800FA8B84 /* sdk-ios-demo.app */ = {isa = PBXFileReference; explicitFileType = wrapper.application; includeInIndex = 0; path = "sdk-ios-demo.app"; sourceTree = BUILT_PRODUCTS_DIR; };
		7E79D03E1FDBC48800FA8B84 /* AppDelegate.swift */ = {isa = PBXFileReference; lastKnownFileType = sourcecode.swift; path = AppDelegate.swift; sourceTree = "<group>"; };
		7E79D0401FDBC48800FA8B84 /* ViewController.swift */ = {isa = PBXFileReference; lastKnownFileType = sourcecode.swift; path = ViewController.swift; sourceTree = "<group>"; };
		7E79D0431FDBC48800FA8B84 /* Base */ = {isa = PBXFileReference; lastKnownFileType = file.storyboard; name = Base; path = Base.lproj/Main.storyboard; sourceTree = "<group>"; };
		7E79D0451FDBC48900FA8B84 /* Assets.xcassets */ = {isa = PBXFileReference; lastKnownFileType = folder.assetcatalog; path = Assets.xcassets; sourceTree = "<group>"; };
		7E79D0481FDBC48900FA8B84 /* Base */ = {isa = PBXFileReference; lastKnownFileType = file.storyboard; name = Base; path = Base.lproj/LaunchScreen.storyboard; sourceTree = "<group>"; };
		7E79D04A1FDBC48900FA8B84 /* Info.plist */ = {isa = PBXFileReference; lastKnownFileType = text.plist.xml; path = Info.plist; sourceTree = "<group>"; };
		7E79D04F1FDBC48900FA8B84 /* sdk-ios-demoTests.xctest */ = {isa = PBXFileReference; explicitFileType = wrapper.cfbundle; includeInIndex = 0; path = "sdk-ios-demoTests.xctest"; sourceTree = BUILT_PRODUCTS_DIR; };
		7E79D05A1FDBC48900FA8B84 /* sdk-ios-demoUITests.xctest */ = {isa = PBXFileReference; explicitFileType = wrapper.cfbundle; includeInIndex = 0; path = "sdk-ios-demoUITests.xctest"; sourceTree = BUILT_PRODUCTS_DIR; };
		7E79D06C1FDBC55D00FA8B84 /* ZarinPalSDKPayment.framework */ = {isa = PBXFileReference; lastKnownFileType = wrapper.framework; path = ZarinPalSDKPayment.framework; sourceTree = "<group>"; };
/* End PBXFileReference section */

/* Begin PBXFrameworksBuildPhase section */
		7E79D0381FDBC48800FA8B84 /* Frameworks */ = {
			isa = PBXFrameworksBuildPhase;
			buildActionMask = 2147483647;
			files = (
				7E4BBB7A202394540007DE8B /* ZarinPalSDKPayment.framework in Frameworks */,
			);
			runOnlyForDeploymentPostprocessing = 0;
		};
		7E79D04C1FDBC48900FA8B84 /* Frameworks */ = {
			isa = PBXFrameworksBuildPhase;
			buildActionMask = 2147483647;
			files = (
			);
			runOnlyForDeploymentPostprocessing = 0;
		};
		7E79D0571FDBC48900FA8B84 /* Frameworks */ = {
			isa = PBXFrameworksBuildPhase;
			buildActionMask = 2147483647;
			files = (
			);
			runOnlyForDeploymentPostprocessing = 0;
		};
/* End PBXFrameworksBuildPhase section */

/* Begin PBXGroup section */
		7E7121E01FDEF5B900F06C99 /* Frameworks */ = {
			isa = PBXGroup;
			children = (
			);
			name = Frameworks;
			sourceTree = "<group>";
		};
		7E79D0321FDBC48800FA8B84 = {
			isa = PBXGroup;
			children = (
				7E79D06C1FDBC55D00FA8B84 /* ZarinPalSDKPayment.framework */,
				7E79D03D1FDBC48800FA8B84 /* sdk-ios-demo */,
				7E79D03C1FDBC48800FA8B84 /* Products */,
				7E7121E01FDEF5B900F06C99 /* Frameworks */,
			);
			sourceTree = "<group>";
		};
		7E79D03C1FDBC48800FA8B84 /* Products */ = {
			isa = PBXGroup;
			children = (
				7E79D03B1FDBC48800FA8B84 /* sdk-ios-demo.app */,
				7E79D04F1FDBC48900FA8B84 /* sdk-ios-demoTests.xctest */,
				7E79D05A1FDBC48900FA8B84 /* sdk-ios-demoUITests.xctest */,
			);
			name = Products;
			sourceTree = "<group>";
		};
		7E79D03D1FDBC48800FA8B84 /* sdk-ios-demo */ = {
			isa = PBXGroup;
			children = (
				7E79D03E1FDBC48800FA8B84 /* AppDelegate.swift */,
				7E79D0401FDBC48800FA8B84 /* ViewController.swift */,
				7E79D0421FDBC48800FA8B84 /* Main.storyboard */,
				7E79D0451FDBC48900FA8B84 /* Assets.xcassets */,
				7E79D0471FDBC48900FA8B84 /* LaunchScreen.storyboard */,
				7E79D04A1FDBC48900FA8B84 /* Info.plist */,
			);
			path = "sdk-ios-demo";
			sourceTree = "<group>";
		};
/* End PBXGroup section */

/* Begin PBXNativeTarget section */
		7E79D03A1FDBC48800FA8B84 /* sdk-ios-demo */ = {
			isa = PBXNativeTarget;
			buildConfigurationList = 7E79D0631FDBC48900FA8B84 /* Build configuration list for PBXNativeTarget "sdk-ios-demo" */;
			buildPhases = (
				7E79D0371FDBC48800FA8B84 /* Sources */,
				7E79D0381FDBC48800FA8B84 /* Frameworks */,
				7E79D0391FDBC48800FA8B84 /* Resources */,
				7E4BBB7C202394540007DE8B /* Embed Frameworks */,
			);
			buildRules = (
			);
			dependencies = (
			);
			name = "sdk-ios-demo";
			productName = "sdk-ios-demo";
			productReference = 7E79D03B1FDBC48800FA8B84 /* sdk-ios-demo.app */;
			productType = "com.apple.product-type.application";
		};
		7E79D04E1FDBC48900FA8B84 /* sdk-ios-demoTests */ = {
			isa = PBXNativeTarget;
			buildConfigurationList = 7E79D0661FDBC48900FA8B84 /* Build configuration list for PBXNativeTarget "sdk-ios-demoTests" */;
			buildPhases = (
				7E79D04B1FDBC48900FA8B84 /* Sources */,
				7E79D04C1FDBC48900FA8B84 /* Frameworks */,
				7E79D04D1FDBC48900FA8B84 /* Resources */,
			);
			buildRules = (
			);
			dependencies = (
				7E79D0511FDBC48900FA8B84 /* PBXTargetDependency */,
			);
			name = "sdk-ios-demoTests";
			productName = "sdk-ios-demoTests";
			productReference = 7E79D04F1FDBC48900FA8B84 /* sdk-ios-demoTests.xctest */;
			productType = "com.apple.product-type.bundle.unit-test";
		};
		7E79D0591FDBC48900FA8B84 /* sdk-ios-demoUITests */ = {
			isa = PBXNativeTarget;
			buildConfigurationList = 7E79D0691FDBC48900FA8B84 /* Build configuration list for PBXNativeTarget "sdk-ios-demoUITests" */;
			buildPhases = (
				7E79D0561FDBC48900FA8B84 /* Sources */,
				7E79D0571FDBC48900FA8B84 /* Frameworks */,
				7E79D0581FDBC48900FA8B84 /* Resources */,
			);
			buildRules = (
			);
			dependencies = (
				7E79D05C1FDBC48900FA8B84 /* PBXTargetDependency */,
			);
			name = "sdk-ios-demoUITests";
			productName = "sdk-ios-demoUITests";
			productReference = 7E79D05A1FDBC48900FA8B84 /* sdk-ios-demoUITests.xctest */;
			productType = "com.apple.product-type.bundle.ui-testing";
		};
/* End PBXNativeTarget section */

/* Begin PBXProject section */
		7E79D0331FDBC48800FA8B84 /* Project object */ = {
			isa = PBXProject;
			attributes = {
				LastSwiftUpdateCheck = 0900;
				LastUpgradeCheck = 0900;
				ORGANIZATIONNAME = ImanX;
				TargetAttributes = {
					7E79D03A1FDBC48800FA8B84 = {
						CreatedOnToolsVersion = 9.0;
						ProvisioningStyle = Automatic;
					};
					7E79D04E1FDBC48900FA8B84 = {
						CreatedOnToolsVersion = 9.0;
						ProvisioningStyle = Automatic;
						TestTargetID = 7E79D03A1FDBC48800FA8B84;
					};
					7E79D0591FDBC48900FA8B84 = {
						CreatedOnToolsVersion = 9.0;
						ProvisioningStyle = Automatic;
						TestTargetID = 7E79D03A1FDBC48800FA8B84;
					};
				};
			};
			buildConfigurationList = 7E79D0361FDBC48800FA8B84 /* Build configuration list for PBXProject "sdk-ios-demo" */;
			compatibilityVersion = "Xcode 8.0";
			developmentRegion = en;
			hasScannedForEncodings = 0;
			knownRegions = (
				en,
				Base,
			);
			mainGroup = 7E79D0321FDBC48800FA8B84;
			productRefGroup = 7E79D03C1FDBC48800FA8B84 /* Products */;
			projectDirPath = "";
			projectRoot = "";
			targets = (
				7E79D03A1FDBC48800FA8B84 /* sdk-ios-demo */,
				7E79D04E1FDBC48900FA8B84 /* sdk-ios-demoTests */,
				7E79D0591FDBC48900FA8B84 /* sdk-ios-demoUITests */,
			);
		};
/* End PBXProject section */

/* Begin PBXResourcesBuildPhase section */
		7E79D0391FDBC48800FA8B84 /* Resources */ = {
			isa = PBXResourcesBuildPhase;
			buildActionMask = 2147483647;
			files = (
				7E79D0491FDBC48900FA8B84 /* LaunchScreen.storyboard in Resources */,
				7E79D0461FDBC48900FA8B84 /* Assets.xcassets in Resources */,
				7E79D0441FDBC48900FA8B84 /* Main.storyboard in Resources */,
			);
			runOnlyForDeploymentPostprocessing = 0;
		};
		7E79D04D1FDBC48900FA8B84 /* Resources */ = {
			isa = PBXResourcesBuildPhase;
			buildActionMask = 2147483647;
			files = (
			);
			runOnlyForDeploymentPostprocessing = 0;
		};
		7E79D0581FDBC48900FA8B84 /* Resources */ = {
			isa = PBXResourcesBuildPhase;
			buildActionMask = 2147483647;
			files = (
			);
			runOnlyForDeploymentPostprocessing = 0;
		};
/* End PBXResourcesBuildPhase section */

/* Begin PBXSourcesBuildPhase section */
		7E79D0371FDBC48800FA8B84 /* Sources */ = {
			isa = PBXSourcesBuildPhase;
			buildActionMask = 2147483647;
			files = (
				7E79D0411FDBC48800FA8B84 /* ViewController.swift in Sources */,
				7E79D03F1FDBC48800FA8B84 /* AppDelegate.swift in Sources */,
			);
			runOnlyForDeploymentPostprocessing = 0;
		};
		7E79D04B1FDBC48900FA8B84 /* Sources */ = {
			isa = PBXSourcesBuildPhase;
			buildActionMask = 2147483647;
			files = (
			);
			runOnlyForDeploymentPostprocessing = 0;
		};
		7E79D0561FDBC48900FA8B84 /* Sources */ = {
			isa = PBXSourcesBuildPhase;
			buildActionMask = 2147483647;
			files = (
			);
			runOnlyForDeploymentPostprocessing = 0;
		};
/* End PBXSourcesBuildPhase section */

/* Begin PBXTargetDependency section */
		7E79D0511FDBC48900FA8B84 /* PBXTargetDependency */ = {
			isa = PBXTargetDependency;
			target = 7E79D03A1FDBC48800FA8B84 /* sdk-ios-demo */;
			targetProxy = 7E79D0501FDBC48900FA8B84 /* PBXContainerItemProxy */;
		};
		7E79D05C1FDBC48900FA8B84 /* PBXTargetDependency */ = {
			isa = PBXTargetDependency;
			target = 7E79D03A1FDBC48800FA8B84 /* sdk-ios-demo */;
			targetProxy = 7E79D05B1FDBC48900FA8B84 /* PBXContainerItemProxy */;
		};
/* End PBXTargetDependency section */

/* Begin PBXVariantGroup section */
		7E79D0421FDBC48800FA8B84 /* Main.storyboard */ = {
			isa = PBXVariantGroup;
			children = (
				7E79D0431FDBC48800FA8B84 /* Base */,
			);
			name = Main.storyboard;
			sourceTree = "<group>";
		};
		7E79D0471FDBC48900FA8B84 /* LaunchScreen.storyboard */ = {
			isa = PBXVariantGroup;
			children = (
				7E79D0481FDBC48900FA8B84 /* Base */,
			);
			name = LaunchScreen.storyboard;
			sourceTree = "<group>";
		};
/* End PBXVariantGroup section */

/* Begin XCBuildConfiguration section */
		7E79D0611FDBC48900FA8B84 /* Debug */ = {
			isa = XCBuildConfiguration;
			buildSettings = {
				ALWAYS_SEARCH_USER_PATHS = NO;
				CLANG_ANALYZER_NONNULL = YES;
				CLANG_ANALYZER_NUMBER_OBJECT_CONVERSION = YES_AGGRESSIVE;
				CLANG_CXX_LANGUAGE_STANDARD = "gnu++14";
				CLANG_CXX_LIBRARY = "libc++";
				CLANG_ENABLE_MODULES = YES;
				CLANG_ENABLE_OBJC_ARC = YES;
				CLANG_WARN_BLOCK_CAPTURE_AUTORELEASING = YES;
				CLANG_WARN_BOOL_CONVERSION = YES;
				CLANG_WARN_COMMA = YES;
				CLANG_WARN_CONSTANT_CONVERSION = YES;
				CLANG_WARN_DIRECT_OBJC_ISA_USAGE = YES_ERROR;
				CLANG_WARN_DOCUMENTATION_COMMENTS = YES;
				CLANG_WARN_EMPTY_BODY = YES;
				CLANG_WARN_ENUM_CONVERSION = YES;
				CLANG_WARN_INFINITE_RECURSION = YES;
				CLANG_WARN_INT_CONVERSION = YES;
				CLANG_WARN_NON_LITERAL_NULL_CONVERSION = YES;
				CLANG_WARN_OBJC_LITERAL_CONVERSION = YES;
				CLANG_WARN_OBJC_ROOT_CLASS = YES_ERROR;
				CLANG_WARN_RANGE_LOOP_ANALYSIS = YES;
				CLANG_WARN_STRICT_PROTOTYPES = YES;
				CLANG_WARN_SUSPICIOUS_MOVE = YES;
				CLANG_WARN_UNGUARDED_AVAILABILITY = YES_AGGRESSIVE;
				CLANG_WARN_UNREACHABLE_CODE = YES;
				CLANG_WARN__DUPLICATE_METHOD_MATCH = YES;
				CODE_SIGN_IDENTITY = "iPhone Developer";
				COPY_PHASE_STRIP = NO;
				DEBUG_INFORMATION_FORMAT = dwarf;
				ENABLE_STRICT_OBJC_MSGSEND = YES;
				ENABLE_TESTABILITY = YES;
				GCC_C_LANGUAGE_STANDARD = gnu11;
				GCC_DYNAMIC_NO_PIC = NO;
				GCC_NO_COMMON_BLOCKS = YES;
				GCC_OPTIMIZATION_LEVEL = 0;
				GCC_PREPROCESSOR_DEFINITIONS = (
					"DEBUG=1",
					"$(inherited)",
				);
				GCC_WARN_64_TO_32_BIT_CONVERSION = YES;
				GCC_WARN_ABOUT_RETURN_TYPE = YES_ERROR;
				GCC_WARN_UNDECLARED_SELECTOR = YES;
				GCC_WARN_UNINITIALIZED_AUTOS = YES_AGGRESSIVE;
				GCC_WARN_UNUSED_FUNCTION = YES;
				GCC_WARN_UNUSED_VARIABLE = YES;
				IPHONEOS_DEPLOYMENT_TARGET = 11.0;
				MTL_ENABLE_DEBUG_INFO = YES;
				ONLY_ACTIVE_ARCH = YES;
				SDKROOT = iphoneos;
				SWIFT_ACTIVE_COMPILATION_CONDITIONS = DEBUG;
				SWIFT_OPTIMIZATION_LEVEL = "-Onone";
			};
			name = Debug;
		};
		7E79D0621FDBC48900FA8B84 /* Release */ = {
			isa = XCBuildConfiguration;
			buildSettings = {
				ALWAYS_SEARCH_USER_PATHS = NO;
				CLANG_ANALYZER_NONNULL = YES;
				CLANG_ANALYZER_NUMBER_OBJECT_CONVERSION = YES_AGGRESSIVE;
				CLANG_CXX_LANGUAGE_STANDARD = "gnu++14";
				CLANG_CXX_LIBRARY = "libc++";
				CLANG_ENABLE_MODULES = YES;
				CLANG_ENABLE_OBJC_ARC = YES;
				CLANG_WARN_BLOCK_CAPTURE_AUTORELEASING = YES;
				CLANG_WARN_BOOL_CONVERSION = YES;
				CLANG_WARN_COMMA = YES;
				CLANG_WARN_CONSTANT_CONVERSION = YES;
				CLANG_WARN_DIRECT_OBJC_ISA_USAGE = YES_ERROR;
				CLANG_WARN_DOCUMENTATION_COMMENTS = YES;
				CLANG_WARN_EMPTY_BODY = YES;
				CLANG_WARN_ENUM_CONVERSION = YES;
				CLANG_WARN_INFINITE_RECURSION = YES;
				CLANG_WARN_INT_CONVERSION = YES;
				CLANG_WARN_NON_LITERAL_NULL_CONVERSION = YES;
				CLANG_WARN_OBJC_LITERAL_CONVERSION = YES;
				CLANG_WARN_OBJC_ROOT_CLASS = YES_ERROR;
				CLANG_WARN_RANGE_LOOP_ANALYSIS = YES;
				CLANG_WARN_STRICT_PROTOTYPES = YES;
				CLANG_WARN_SUSPICIOUS_MOVE = YES;
				CLANG_WARN_UNGUARDED_AVAILABILITY = YES_AGGRESSIVE;
				CLANG_WARN_UNREACHABLE_CODE = YES;
				CLANG_WARN__DUPLICATE_METHOD_MATCH = YES;
				CODE_SIGN_IDENTITY = "iPhone Developer";
				COPY_PHASE_STRIP = NO;
				DEBUG_INFORMATION_FORMAT = "dwarf-with-dsym";
				ENABLE_NS_ASSERTIONS = NO;
				ENABLE_STRICT_OBJC_MSGSEND = YES;
				GCC_C_LANGUAGE_STANDARD = gnu11;
				GCC_NO_COMMON_BLOCKS = YES;
				GCC_WARN_64_TO_32_BIT_CONVERSION = YES;
				GCC_WARN_ABOUT_RETURN_TYPE = YES_ERROR;
				GCC_WARN_UNDECLARED_SELECTOR = YES;
				GCC_WARN_UNINITIALIZED_AUTOS = YES_AGGRESSIVE;
				GCC_WARN_UNUSED_FUNCTION = YES;
				GCC_WARN_UNUSED_VARIABLE = YES;
				IPHONEOS_DEPLOYMENT_TARGET = 11.0;
				MTL_ENABLE_DEBUG_INFO = NO;
				SDKROOT = iphoneos;
				SWIFT_OPTIMIZATION_LEVEL = "-Owholemodule";
				VALIDATE_PRODUCT = YES;
			};
			name = Release;
		};
		7E79D0641FDBC48900FA8B84 /* Debug */ = {
			isa = XCBuildConfiguration;
			buildSettings = {
				ASSETCATALOG_COMPILER_APPICON_NAME = AppIcon;
				CODE_SIGN_STYLE = Automatic;
				FRAMEWORK_SEARCH_PATHS = (
					"$(inherited)",
					"$(PROJECT_DIR)",
				);
				INFOPLIST_FILE = "sdk-ios-demo/Info.plist";
				LD_RUNPATH_SEARCH_PATHS = "$(inherited) @executable_path/Frameworks";
				PRODUCT_BUNDLE_IDENTIFIER = "Zarinpal.sdk-ios-demo";
				PRODUCT_NAME = "$(TARGET_NAME)";
				SWIFT_VERSION = 4.0;
				TARGETED_DEVICE_FAMILY = "1,2";
			};
			name = Debug;
		};
		7E79D0651FDBC48900FA8B84 /* Release */ = {
			isa = XCBuildConfiguration;
			buildSettings = {
				ASSETCATALOG_COMPILER_APPICON_NAME = AppIcon;
				CODE_SIGN_STYLE = Automatic;
				FRAMEWORK_SEARCH_PATHS = (
					"$(inherited)",
					"$(PROJECT_DIR)",
				);
				INFOPLIST_FILE = "sdk-ios-demo/Info.plist";
				LD_RUNPATH_SEARCH_PATHS = "$(inherited) @executable_path/Frameworks";
				PRODUCT_BUNDLE_IDENTIFIER = "Zarinpal.sdk-ios-demo";
				PRODUCT_NAME = "$(TARGET_NAME)";
				SWIFT_VERSION = 4.0;
				TARGETED_DEVICE_FAMILY = "1,2";
			};
			name = Release;
		};
		7E79D0671FDBC48900FA8B84 /* Debug */ = {
			isa = XCBuildConfiguration;
			buildSettings = {
				ALWAYS_EMBED_SWIFT_STANDARD_LIBRARIES = YES;
				BUNDLE_LOADER = "$(TEST_HOST)";
				CODE_SIGN_STYLE = Automatic;
				INFOPLIST_FILE = "sdk-ios-demoTests/Info.plist";
				LD_RUNPATH_SEARCH_PATHS = "$(inherited) @executable_path/Frameworks @loader_path/Frameworks";
				PRODUCT_BUNDLE_IDENTIFIER = "Zarinpal.sdk-ios-demoTests";
				PRODUCT_NAME = "$(TARGET_NAME)";
				SWIFT_VERSION = 4.0;
				TARGETED_DEVICE_FAMILY = "1,2";
				TEST_HOST = "$(BUILT_PRODUCTS_DIR)/sdk-ios-demo.app/sdk-ios-demo";
			};
			name = Debug;
		};
		7E79D0681FDBC48900FA8B84 /* Release */ = {
			isa = XCBuildConfiguration;
			buildSettings = {
				ALWAYS_EMBED_SWIFT_STANDARD_LIBRARIES = YES;
				BUNDLE_LOADER = "$(TEST_HOST)";
				CODE_SIGN_STYLE = Automatic;
				INFOPLIST_FILE = "sdk-ios-demoTests/Info.plist";
				LD_RUNPATH_SEARCH_PATHS = "$(inherited) @executable_path/Frameworks @loader_path/Frameworks";
				PRODUCT_BUNDLE_IDENTIFIER = "Zarinpal.sdk-ios-demoTests";
				PRODUCT_NAME = "$(TARGET_NAME)";
				SWIFT_VERSION = 4.0;
				TARGETED_DEVICE_FAMILY = "1,2";
				TEST_HOST = "$(BUILT_PRODUCTS_DIR)/sdk-ios-demo.app/sdk-ios-demo";
			};
			name = Release;
		};
		7E79D06A1FDBC48900FA8B84 /* Debug */ = {
			isa = XCBuildConfiguration;
			buildSettings = {
				ALWAYS_EMBED_SWIFT_STANDARD_LIBRARIES = YES;
				CODE_SIGN_STYLE = Automatic;
				INFOPLIST_FILE = "sdk-ios-demoUITests/Info.plist";
				LD_RUNPATH_SEARCH_PATHS = "$(inherited) @executable_path/Frameworks @loader_path/Frameworks";
				PRODUCT_BUNDLE_IDENTIFIER = "Zarinpal.sdk-ios-demoUITests";
				PRODUCT_NAME = "$(TARGET_NAME)";
				SWIFT_VERSION = 4.0;
				TARGETED_DEVICE_FAMILY = "1,2";
				TEST_TARGET_NAME = "sdk-ios-demo";
			};
			name = Debug;
		};
		7E79D06B1FDBC48900FA8B84 /* Release */ = {
			isa = XCBuildConfiguration;
			buildSettings = {
				ALWAYS_EMBED_SWIFT_STANDARD_LIBRARIES = YES;
				CODE_SIGN_STYLE = Automatic;
				INFOPLIST_FILE = "sdk-ios-demoUITests/Info.plist";
				LD_RUNPATH_SEARCH_PATHS = "$(inherited) @executable_path/Frameworks @loader_path/Frameworks";
				PRODUCT_BUNDLE_IDENTIFIER = "Zarinpal.sdk-ios-demoUITests";
				PRODUCT_NAME = "$(TARGET_NAME)";
				SWIFT_VERSION = 4.0;
				TARGETED_DEVICE_FAMILY = "1,2";
				TEST_TARGET_NAME = "sdk-ios-demo";
			};
			name = Release;
		};
/* End XCBuildConfiguration section */

/* Begin XCConfigurationList section */
		7E79D0361FDBC48800FA8B84 /* Build configuration list for PBXProject "sdk-ios-demo" */ = {
			isa = XCConfigurationList;
			buildConfigurations = (
				7E79D0611FDBC48900FA8B84 /* Debug */,
				7E79D0621FDBC48900FA8B84 /* Release */,
			);
			defaultConfigurationIsVisible = 0;
			defaultConfigurationName = Release;
		};
		7E79D0631FDBC48900FA8B84 /* Build configuration list for PBXNativeTarget "sdk-ios-demo" */ = {
			isa = XCConfigurationList;
			buildConfigurations = (
				7E79D0641FDBC48900FA8B84 /* Debug */,
				7E79D0651FDBC48900FA8B84 /* Release */,
			);
			defaultConfigurationIsVisible = 0;
			defaultConfigurationName = Release;
		};
		7E79D0661FDBC48900FA8B84 /* Build configuration list for PBXNativeTarget "sdk-ios-demoTests" */ = {
			isa = XCConfigurationList;
			buildConfigurations = (
				7E79D0671FDBC48900FA8B84 /* Debug */,
				7E79D0681FDBC48900FA8B84 /* Release */,
			);
			defaultConfigurationIsVisible = 0;
			defaultConfigurationName = Release;
		};
		7E79D0691FDBC48900FA8B84 /* Build configuration list for PBXNativeTarget "sdk-ios-demoUITests" */ = {
			isa = XCConfigurationList;
			buildConfigurations = (
				7E79D06A1FDBC48900FA8B84 /* Debug */,
				7E79D06B1FDBC48900FA8B84 /* Release */,
			);
			defaultConfigurationIsVisible = 0;
			defaultConfigurationName = Release;
		};
/* End XCConfigurationList section */
	};
	rootObject = 7E79D0331FDBC48800FA8B84 /* Project object */;
}
